<?xml version="1.0" encoding="utf-8"?>
<Project ToolsVersion="4.0" xmlns="http://schemas.microsoft.com/developer/msbuild/2003">
  <ItemGroup>
    <Filter Include="Source Files">
      <UniqueIdentifier>{4FC737F1-C7A5-4376-A066-2A32D752A2FF}</UniqueIdentifier>
      <Extensions>cpp;c;cc;cxx;def;odl;idl;hpj;bat;asm;asmx</Extensions>
    </Filter>
    <Filter Include="Header Files">
      <UniqueIdentifier>{93995380-89BD-4b04-88EB-625FBE52EBFB}</UniqueIdentifier>
      <Extensions>h;hh;hpp;hxx;hm;inl;inc;xsd</Extensions>
    </Filter>
    <Filter Include="Resource Files">
      <UniqueIdentifier>{67DA6AB6-F800-4c08-8B7A-83BB121AAD01}</UniqueIdentifier>
      <Extensions>rc;ico;cur;bmp;dlg;rc2;rct;bin;rgs;gif;jpg;jpeg;jpe;resx;tiff;tif;png;wav</Extensions>
    </Filter>
  </ItemGroup>
  <ItemGroup>
    <ClCompile Include="main.cpp">
      <Filter>Source Files</Filter>
    </ClCompile>
    <ClCompile Include="src\AnalysisScreen.cpp">
      <Filter>Source Files</Filter>
    </ClCompile>
    <ClCompile Include="src\Bishop.cpp">
      <Filter>Source Files</Filter>
    </ClCompile>
    <ClCompile Include="src\CheckMateScreen.cpp">
      <Filter>Source Files</Filter>
    </ClCompile>
    <ClCompile Include="src\CheckStatus.cpp">
      <Filter>Source Files</Filter>
    </ClCompile>
    <ClCompile Include="src\ChessBoard.cpp">
      <Filter>Source Files</Filter>
    </ClCompile>
    <ClCompile Include="src\ChessBoardScreen.cpp">
      <Filter>Source Files</Filter>
    </ClCompile>
    <ClCompile Include="src\ChessGame.cpp">
      <Filter>Source Files</Filter>
    </ClCompile>
    <ClCompile Include="src\ChessPiece.cpp">
      <Filter>Source Files</Filter>
    </ClCompile>
    <ClCompile Include="src\ChessScreen.cpp">
      <Filter>Source Files</Filter>
    </ClCompile>
    <ClCompile Include="src\Computer.cpp">
      <Filter>Source Files</Filter>
    </ClCompile>
    <ClCompile Include="src\Connector.cpp">
      <Filter>Source Files</Filter>
    </ClCompile>
    <ClCompile Include="src\Coordinates.cpp">
      <Filter>Source Files</Filter>
    </ClCompile>
    <ClCompile Include="src\cScreen.cpp">
      <Filter>Source Files</Filter>
    </ClCompile>
    <ClCompile Include="src\Display.cpp">
      <Filter>Source Files</Filter>
    </ClCompile>
    <ClCompile Include="src\DrillScreen.cpp">
      <Filter>Source Files</Filter>
    </ClCompile>
    <ClCompile Include="src\GameScreen.cpp">
      <Filter>Source Files</Filter>
    </ClCompile>
    <ClCompile Include="src\global.cpp">
      <Filter>Source Files</Filter>
    </ClCompile>
    <ClCompile Include="src\King.cpp">
      <Filter>Source Files</Filter>
    </ClCompile>
    <ClCompile Include="src\Knight.cpp">
      <Filter>Source Files</Filter>
    </ClCompile>
    <ClCompile Include="src\LayoutScreen.cpp">
      <Filter>Source Files</Filter>
    </ClCompile>
    <ClCompile Include="src\main.cpp">
      <Filter>Source Files</Filter>
    </ClCompile>
    <ClCompile Include="src\MainScreen.cpp">
      <Filter>Source Files</Filter>
    </ClCompile>
    <ClCompile Include="src\Matrix.cpp">
      <Filter>Source Files</Filter>
    </ClCompile>
    <ClCompile Include="src\MoveEvaluator.cpp">
      <Filter>Source Files</Filter>
    </ClCompile>
    <ClCompile Include="src\MoveType.cpp">
      <Filter>Source Files</Filter>
    </ClCompile>
    <ClCompile Include="src\NetworkConnection.cpp">
      <Filter>Source Files</Filter>
    </ClCompile>
    <ClCompile Include="src\Pawn.cpp">
      <Filter>Source Files</Filter>
    </ClCompile>
    <ClCompile Include="src\Player.cpp">
      <Filter>Source Files</Filter>
    </ClCompile>
    <ClCompile Include="src\PromotionScreen.cpp">
      <Filter>Source Files</Filter>
    </ClCompile>
    <ClCompile Include="src\Queen.cpp">
      <Filter>Source Files</Filter>
    </ClCompile>
    <ClCompile Include="src\Result.cpp">
      <Filter>Source Files</Filter>
    </ClCompile>
    <ClCompile Include="src\Rook.cpp">
      <Filter>Source Files</Filter>
    </ClCompile>
    <ClCompile Include="src\Screens.cpp">
      <Filter>Source Files</Filter>
    </ClCompile>
    <ClCompile Include="src\SettingsScreen.cpp">
      <Filter>Source Files</Filter>
    </ClCompile>
    <ClCompile Include="src\Square.cpp">
      <Filter>Source Files</Filter>
    </ClCompile>
  </ItemGroup>
  <ItemGroup>
    <ClInclude Include="include\AnalysisScreen.h">
      <Filter>Header Files</Filter>
    </ClInclude>
    <ClInclude Include="include\Bishop.h">
      <Filter>Header Files</Filter>
    </ClInclude>
    <ClInclude Include="include\CheckMateScreen.h">
      <Filter>Header Files</Filter>
    </ClInclude>
    <ClInclude Include="include\CheckStatus.h">
      <Filter>Header Files</Filter>
    </ClInclude>
    <ClInclude Include="include\ChessBoard.h">
      <Filter>Header Files</Filter>
    </ClInclude>
    <ClInclude Include="include\ChessBoardScreen.h">
      <Filter>Header Files</Filter>
    </ClInclude>
    <ClInclude Include="include\ChessGame.h">
      <Filter>Header Files</Filter>
    </ClInclude>
    <ClInclude Include="include\ChessPiece.h">
      <Filter>Header Files</Filter>
    </ClInclude>
    <ClInclude Include="include\ChessScreen.h">
      <Filter>Header Files</Filter>
    </ClInclude>
    <ClInclude Include="include\Computer.h">
      <Filter>Header Files</Filter>
    </ClInclude>
    <ClInclude Include="include\Connector.h">
      <Filter>Header Files</Filter>
    </ClInclude>
    <ClInclude Include="include\Coordinates.h">
      <Filter>Header Files</Filter>
    </ClInclude>
    <ClInclude Include="include\cScreen.h">
      <Filter>Header Files</Filter>
    </ClInclude>
    <ClInclude Include="include\Display.h">
      <Filter>Header Files</Filter>
    </ClInclude>
    <ClInclude Include="include\DrillScreen.h">
      <Filter>Header Files</Filter>
    </ClInclude>
    <ClInclude Include="include\GameScreen.h">
      <Filter>Header Files</Filter>
    </ClInclude>
    <ClInclude Include="include\global.h">
      <Filter>Header Files</Filter>
    </ClInclude>
    <ClInclude Include="include\King.h">
      <Filter>Header Files</Filter>
    </ClInclude>
    <ClInclude Include="include\Knight.h">
      <Filter>Header Files</Filter>
    </ClInclude>
    <ClInclude Include="include\LayoutScreen.h">
      <Filter>Header Files</Filter>
    </ClInclude>
    <ClInclude Include="include\main.h">
      <Filter>Header Files</Filter>
    </ClInclude>
    <ClInclude Include="include\MainScreen.h">
      <Filter>Header Files</Filter>
    </ClInclude>
    <ClInclude Include="include\Matrix.h">
      <Filter>Header Files</Filter>
    </ClInclude>
    <ClInclude Include="include\MoveEvaluator.h">
      <Filter>Header Files</Filter>
    </ClInclude>
    <ClInclude Include="include\MoveType.h">
      <Filter>Header Files</Filter>
    </ClInclude>
    <ClInclude Include="include\NetworkConnection.h">
      <Filter>Header Files</Filter>
    </ClInclude>
    <ClInclude Include="include\Pawn.h">
      <Filter>Header Files</Filter>
    </ClInclude>
    <ClInclude Include="include\Player.h">
      <Filter>Header Files</Filter>
    </ClInclude>
    <ClInclude Include="include\PromotionScreen.h">
      <Filter>Header Files</Filter>
    </ClInclude>
    <ClInclude Include="include\Queen.h">
      <Filter>Header Files</Filter>
    </ClInclude>
    <ClInclude Include="include\Result.h">
      <Filter>Header Files</Filter>
    </ClInclude>
    <ClInclude Include="include\Rook.h">
      <Filter>Header Files</Filter>
    </ClInclude>
    <ClInclude Include="include\Screens.h">
      <Filter>Header Files</Filter>
    </ClInclude>
    <ClInclude Include="include\SettingsScreen.h">
      <Filter>Header Files</Filter>
    </ClInclude>
    <ClInclude Include="include\Square.h">
      <Filter>Header Files</Filter>
    </ClInclude>
    <ClInclude Include="include\Connector.hpp">
      <Filter>Header Files</Filter>
    </ClInclude>
    <ClInclude Include="libs\Connector.hpp">
      <Filter>Header Files</Filter>
    </ClInclude>
  </ItemGroup>
</Project>